
Microsoft Visual Studio Solution File, Format Version 12.00
# Visual Studio Version 16
VisualStudioVersion = 16.0.32002.261
MinimumVisualStudioVersion = 10.0.40219.1
Project("{FAE04EC0-301F-11D3-BF4B-00C04F79EFBC}") = "SharpUpdater", "SharpUpdater\SharpUpdater.csproj", "{DFA60EEC-5E86-4975-8AEA-9093B97FD90F}"
EndProject
Project("{FAE04EC0-301F-11D3-BF4B-00C04F79EFBC}") = "TestApp", "TestApp\TestApp.csproj", "{3D2D50E5-071F-45A4-A561-0EA6250F03FB}"
EndProject
Global
	GlobalSection(SolutionConfigurationPlatforms) = preSolution
		Debug|Any CPU = Debug|Any CPU
		Release|Any CPU = Release|Any CPU
	EndGlobalSection
	GlobalSection(ProjectConfigurationPlatforms) = postSolution
		{DFA60EEC-5E86-4975-8AEA-9093B97FD90F}.Debug|Any CPU.ActiveCfg = Debug|Any CPU
		{DFA60EEC-5E86-4975-8AEA-9093B97FD90F}.Debug|Any CPU.Build.0 = Debug|Any CPU
		{DFA60EEC-5E86-4975-8AEA-9093B97FD90F}.Release|Any CPU.ActiveCfg = Release|Any CPU
		{DFA60EEC-5E86-4975-8AEA-9093B97FD90F}.Release|Any CPU.Build.0 = Release|Any CPU
		{3D2D50E5-071F-45A4-A561-0EA6250F03FB}.Debug|Any CPU.ActiveCfg = Debug|Any CPU
		{3D2D50E5-071F-45A4-A561-0EA6250F03FB}.Debug|Any CPU.Build.0 = Debug|Any CPU
		{3D2D50E5-071F-45A4-A561-0EA6250F03FB}.Release|Any CPU.ActiveCfg = Release|Any CPU
		{3D2D50E5-071F-45A4-A561-0EA6250F03FB}.Release|Any CPU.Build.0 = Release|Any CPU
	EndGlobalSection
	GlobalSection(SolutionProperties) = preSolution
		HideSolutionNode = FALSE
	EndGlobalSection
	GlobalSection(ExtensibilityGlobals) = postSolution
		SolutionGuid = {4A3A7FAA-E3C1-4255-B22B-6A4AE7913A72}
	EndGlobalSection
EndGlobal
